
Microsoft Visual Studio Solution File, Format Version 12.00
# Visual Studio Version 16
VisualStudioVersion = 16.0.31025.194
MinimumVisualStudioVersion = 10.0.40219.1
Project("{FAE04EC0-301F-11D3-BF4B-00C04F79EFBC}") = "ConsoleApp1", "ConsoleApp1\ConsoleApp1.csproj", "{92443765-2F1A-4CF6-8D15-FDA13B31827C}"
EndProject
Global
	GlobalSection(SolutionConfigurationPlatforms) = preSolution
		Debug|Any CPU = Debug|Any CPU
		Release|Any CPU = Release|Any CPU
	EndGlobalSection
	GlobalSection(ProjectConfigurationPlatforms) = postSolution
		{92443765-2F1A-4CF6-8D15-FDA13B31827C}.Debug|Any CPU.ActiveCfg = Debug|Any CPU
		{92443765-2F1A-4CF6-8D15-FDA13B31827C}.Debug|Any CPU.Build.0 = Debug|Any CPU
		{92443765-2F1A-4CF6-8D15-FDA13B31827C}.Release|Any CPU.ActiveCfg = Release|Any CPU
		{92443765-2F1A-4CF6-8D15-FDA13B31827C}.Release|Any CPU.Build.0 = Release|Any CPU
	EndGlobalSection
	GlobalSection(SolutionProperties) = preSolution
		HideSolutionNode = FALSE
	EndGlobalSection
	GlobalSection(ExtensibilityGlobals) = postSolution
		SolutionGuid = {4CD33D50-ACBD-4CAC-9FF1-C0934E9D0673}
	EndGlobalSection
EndGlobal
