
Microsoft Visual Studio Solution File, Format Version 12.00
# Visual Studio Version 16
VisualStudioVersion = 16.0.30611.23
MinimumVisualStudioVersion = 10.0.40219.1
Project("{FAE04EC0-301F-11D3-BF4B-00C04F79EFBC}") = "Задача 3", "Задача 3\Задача 3.csproj", "{285581CA-56A4-4508-AFE1-534EB7C1C97B}"
EndProject
Global
	GlobalSection(SolutionConfigurationPlatforms) = preSolution
		Debug|Any CPU = Debug|Any CPU
		Release|Any CPU = Release|Any CPU
	EndGlobalSection
	GlobalSection(ProjectConfigurationPlatforms) = postSolution
		{285581CA-56A4-4508-AFE1-534EB7C1C97B}.Debug|Any CPU.ActiveCfg = Debug|Any CPU
		{285581CA-56A4-4508-AFE1-534EB7C1C97B}.Debug|Any CPU.Build.0 = Debug|Any CPU
		{285581CA-56A4-4508-AFE1-534EB7C1C97B}.Release|Any CPU.ActiveCfg = Release|Any CPU
		{285581CA-56A4-4508-AFE1-534EB7C1C97B}.Release|Any CPU.Build.0 = Release|Any CPU
	EndGlobalSection
	GlobalSection(SolutionProperties) = preSolution
		HideSolutionNode = FALSE
	EndGlobalSection
	GlobalSection(ExtensibilityGlobals) = postSolution
		SolutionGuid = {6B412738-BA7C-48C4-9F54-77ADE2F4FECA}
	EndGlobalSection
EndGlobal
