
Microsoft Visual Studio Solution File, Format Version 12.00
# Visual Studio Version 16
VisualStudioVersion = 16.0.30611.23
MinimumVisualStudioVersion = 10.0.40219.1
Project("{FAE04EC0-301F-11D3-BF4B-00C04F79EFBC}") = "Задача 4", "Задача 4\Задача 4.csproj", "{367C09D5-7D91-4AFA-AADE-A42B7815F159}"
EndProject
Global
	GlobalSection(SolutionConfigurationPlatforms) = preSolution
		Debug|Any CPU = Debug|Any CPU
		Release|Any CPU = Release|Any CPU
	EndGlobalSection
	GlobalSection(ProjectConfigurationPlatforms) = postSolution
		{367C09D5-7D91-4AFA-AADE-A42B7815F159}.Debug|Any CPU.ActiveCfg = Debug|Any CPU
		{367C09D5-7D91-4AFA-AADE-A42B7815F159}.Debug|Any CPU.Build.0 = Debug|Any CPU
		{367C09D5-7D91-4AFA-AADE-A42B7815F159}.Release|Any CPU.ActiveCfg = Release|Any CPU
		{367C09D5-7D91-4AFA-AADE-A42B7815F159}.Release|Any CPU.Build.0 = Release|Any CPU
	EndGlobalSection
	GlobalSection(SolutionProperties) = preSolution
		HideSolutionNode = FALSE
	EndGlobalSection
	GlobalSection(ExtensibilityGlobals) = postSolution
		SolutionGuid = {342DB61C-9772-44B2-9397-6737377CB32B}
	EndGlobalSection
EndGlobal
